
Microsoft Visual Studio Solution File, Format Version 12.00
# Visual Studio Version 17
VisualStudioVersion = 17.8.34330.188
MinimumVisualStudioVersion = 10.0.40219.1
Project("{9A19103F-16F7-4668-BE54-9A1E7A4F7556}") = "GHG.ObjectProvider", "GHG.ObjectProvider\GHG.ObjectProvider.csproj", "{1B0844D1-65B0-4E03-AACB-9C482E322975}"
EndProject
Project("{FAE04EC0-301F-11D3-BF4B-00C04F79EFBC}") = "GHG.ObjectProviderTests", "GHG.ObjectProviderTests\GHG.ObjectProviderTests.csproj", "{133B190B-95FC-44A7-90CC-D69EB97D1BB8}"
EndProject
Global
	GlobalSection(SolutionConfigurationPlatforms) = preSolution
		Debug|Any CPU = Debug|Any CPU
		Release|Any CPU = Release|Any CPU
	EndGlobalSection
	GlobalSection(ProjectConfigurationPlatforms) = postSolution
		{1B0844D1-65B0-4E03-AACB-9C482E322975}.Debug|Any CPU.ActiveCfg = Debug|Any CPU
		{1B0844D1-65B0-4E03-AACB-9C482E322975}.Debug|Any CPU.Build.0 = Debug|Any CPU
		{1B0844D1-65B0-4E03-AACB-9C482E322975}.Release|Any CPU.ActiveCfg = Release|Any CPU
		{1B0844D1-65B0-4E03-AACB-9C482E322975}.Release|Any CPU.Build.0 = Release|Any CPU
		{133B190B-95FC-44A7-90CC-D69EB97D1BB8}.Debug|Any CPU.ActiveCfg = Debug|Any CPU
		{133B190B-95FC-44A7-90CC-D69EB97D1BB8}.Debug|Any CPU.Build.0 = Debug|Any CPU
		{133B190B-95FC-44A7-90CC-D69EB97D1BB8}.Release|Any CPU.ActiveCfg = Release|Any CPU
		{133B190B-95FC-44A7-90CC-D69EB97D1BB8}.Release|Any CPU.Build.0 = Release|Any CPU
	EndGlobalSection
	GlobalSection(SolutionProperties) = preSolution
		HideSolutionNode = FALSE
	EndGlobalSection
	GlobalSection(ExtensibilityGlobals) = postSolution
		SolutionGuid = {0548BBC4-98CE-4C16-A23D-ADA3CD0356BC}
	EndGlobalSection
EndGlobal
